// !$*UTF8*$!
{
	archiveVersion = 1;
	classes = {
	};
	objectVersion = 46;
	objects = {

/* Begin PBXBuildFile section */
		A827A70B1D86B58B00DD0BC2 /* main.m in Sources */ = {isa = PBXBuildFile; fileRef = A827A70A1D86B58B00DD0BC2 /* main.m */; };
		A827A70E1D86B58B00DD0BC2 /* AppDelegate.m in Sources */ = {isa = PBXBuildFile; fileRef = A827A70D1D86B58B00DD0BC2 /* AppDelegate.m */; };
		A827A7111D86B58B00DD0BC2 /* ViewController.m in Sources */ = {isa = PBXBuildFile; fileRef = A827A7101D86B58B00DD0BC2 /* ViewController.m */; };
		A827A7141D86B58B00DD0BC2 /* Main.storyboard in Resources */ = {isa = PBXBuildFile; fileRef = A827A7121D86B58B00DD0BC2 /* Main.storyboard */; };
		A827A7161D86B58B00DD0BC2 /* Assets.xcassets in Resources */ = {isa = PBXBuildFile; fileRef = A827A7151D86B58B00DD0BC2 /* Assets.xcassets */; };
		A827A7191D86B58B00DD0BC2 /* LaunchScreen.storyboard in Resources */ = {isa = PBXBuildFile; fileRef = A827A7171D86B58B00DD0BC2 /* LaunchScreen.storyboard */; };
		A827A7211D86BA7B00DD0BC2 /* upRrow.png in Resources */ = {isa = PBXBuildFile; fileRef = A827A7201D86BA7B00DD0BC2 /* upRrow.png */; };
		A82EA5931D879E110073FABA /* LICENSE in Resources */ = {isa = PBXBuildFile; fileRef = A82EA5771D879E110073FABA /* LICENSE */; };
		A82EA5941D879E110073FABA /* MASCompositeConstraint.m in Sources */ = {isa = PBXBuildFile; fileRef = A82EA57A1D879E110073FABA /* MASCompositeConstraint.m */; };
		A82EA5951D879E110073FABA /* MASConstraint.m in Sources */ = {isa = PBXBuildFile; fileRef = A82EA57D1D879E110073FABA /* MASConstraint.m */; };
		A82EA5961D879E110073FABA /* MASConstraintMaker.m in Sources */ = {isa = PBXBuildFile; fileRef = A82EA57F1D879E110073FABA /* MASConstraintMaker.m */; };
		A82EA5971D879E110073FABA /* MASLayoutConstraint.m in Sources */ = {isa = PBXBuildFile; fileRef = A82EA5811D879E110073FABA /* MASLayoutConstraint.m */; };
		A82EA5981D879E110073FABA /* MASViewAttribute.m in Sources */ = {isa = PBXBuildFile; fileRef = A82EA5851D879E110073FABA /* MASViewAttribute.m */; };
		A82EA5991D879E110073FABA /* MASViewConstraint.m in Sources */ = {isa = PBXBuildFile; fileRef = A82EA5871D879E110073FABA /* MASViewConstraint.m */; };
		A82EA59A1D879E110073FABA /* NSArray+MASAdditions.m in Sources */ = {isa = PBXBuildFile; fileRef = A82EA5891D879E110073FABA /* NSArray+MASAdditions.m */; };
		A82EA59B1D879E110073FABA /* NSLayoutConstraint+MASDebugAdditions.m in Sources */ = {isa = PBXBuildFile; fileRef = A82EA58C1D879E110073FABA /* NSLayoutConstraint+MASDebugAdditions.m */; };
		A82EA59C1D879E110073FABA /* View+MASAdditions.m in Sources */ = {isa = PBXBuildFile; fileRef = A82EA58E1D879E110073FABA /* View+MASAdditions.m */; };
		A82EA59D1D879E110073FABA /* ViewController+MASAdditions.m in Sources */ = {isa = PBXBuildFile; fileRef = A82EA5911D879E110073FABA /* ViewController+MASAdditions.m */; };
		A82EA59E1D879E110073FABA /* README.md in Sources */ = {isa = PBXBuildFile; fileRef = A82EA5921D879E110073FABA /* README.md */; };
		A82EA5A41D87CDA00073FABA /* CustomView.m in Sources */ = {isa = PBXBuildFile; fileRef = A82EA5A31D87CDA00073FABA /* CustomView.m */; };
		A82EA5A61D87CDAD0073FABA /* CustomView.xib in Resources */ = {isa = PBXBuildFile; fileRef = A82EA5A51D87CDAD0073FABA /* CustomView.xib */; };
		A82EA5A91D87D0E20073FABA /* UIViewExt.m in Sources */ = {isa = PBXBuildFile; fileRef = A82EA5A81D87D0E20073FABA /* UIViewExt.m */; };
		A82EA5B31D87E2CB0073FABA /* CondationViewController.m in Sources */ = {isa = PBXBuildFile; fileRef = A82EA5B21D87E2CB0073FABA /* CondationViewController.m */; };
		A82EA5B61D87E6ED0073FABA /* PriceCell.m in Sources */ = {isa = PBXBuildFile; fileRef = A82EA5B51D87E6ED0073FABA /* PriceCell.m */; };
		A82EA5BC1D87F65C0073FABA /* LevelCell.m in Sources */ = {isa = PBXBuildFile; fileRef = A82EA5BB1D87F65C0073FABA /* LevelCell.m */; };
		A82EA5BF1D87FB1E0073FABA /* LevelItemView.m in Sources */ = {isa = PBXBuildFile; fileRef = A82EA5BE1D87FB1E0073FABA /* LevelItemView.m */; };
/* End PBXBuildFile section */

/* Begin PBXFileReference section */
		A827A7061D86B58B00DD0BC2 /* MyDemo.app */ = {isa = PBXFileReference; explicitFileType = wrapper.application; includeInIndex = 0; path = MyDemo.app; sourceTree = BUILT_PRODUCTS_DIR; };
		A827A70A1D86B58B00DD0BC2 /* main.m */ = {isa = PBXFileReference; lastKnownFileType = sourcecode.c.objc; path = main.m; sourceTree = "<group>"; };
		A827A70C1D86B58B00DD0BC2 /* AppDelegate.h */ = {isa = PBXFileReference; lastKnownFileType = sourcecode.c.h; path = AppDelegate.h; sourceTree = "<group>"; };
		A827A70D1D86B58B00DD0BC2 /* AppDelegate.m */ = {isa = PBXFileReference; lastKnownFileType = sourcecode.c.objc; path = AppDelegate.m; sourceTree = "<group>"; };
		A827A70F1D86B58B00DD0BC2 /* ViewController.h */ = {isa = PBXFileReference; lastKnownFileType = sourcecode.c.h; path = ViewController.h; sourceTree = "<group>"; };
		A827A7101D86B58B00DD0BC2 /* ViewController.m */ = {isa = PBXFileReference; lastKnownFileType = sourcecode.c.objc; path = ViewController.m; sourceTree = "<group>"; };
		A827A7131D86B58B00DD0BC2 /* Base */ = {isa = PBXFileReference; lastKnownFileType = file.storyboard; name = Base; path = Base.lproj/Main.storyboard; sourceTree = "<group>"; };
		A827A7151D86B58B00DD0BC2 /* Assets.xcassets */ = {isa = PBXFileReference; lastKnownFileType = folder.assetcatalog; path = Assets.xcassets; sourceTree = "<group>"; };
		A827A7181D86B58B00DD0BC2 /* Base */ = {isa = PBXFileReference; lastKnownFileType = file.storyboard; name = Base; path = Base.lproj/LaunchScreen.storyboard; sourceTree = "<group>"; };
		A827A71A1D86B58B00DD0BC2 /* Info.plist */ = {isa = PBXFileReference; lastKnownFileType = text.plist.xml; path = Info.plist; sourceTree = "<group>"; };
		A827A7201D86BA7B00DD0BC2 /* upRrow.png */ = {isa = PBXFileReference; lastKnownFileType = image.png; path = upRrow.png; sourceTree = "<group>"; };
		A82EA5771D879E110073FABA /* LICENSE */ = {isa = PBXFileReference; fileEncoding = 4; lastKnownFileType = text; path = LICENSE; sourceTree = "<group>"; };
		A82EA5791D879E110073FABA /* MASCompositeConstraint.h */ = {isa = PBXFileReference; fileEncoding = 4; lastKnownFileType = sourcecode.c.h; path = MASCompositeConstraint.h; sourceTree = "<group>"; };
		A82EA57A1D879E110073FABA /* MASCompositeConstraint.m */ = {isa = PBXFileReference; fileEncoding = 4; lastKnownFileType = sourcecode.c.objc; path = MASCompositeConstraint.m; sourceTree = "<group>"; };
		A82EA57B1D879E110073FABA /* MASConstraint+Private.h */ = {isa = PBXFileReference; fileEncoding = 4; lastKnownFileType = sourcecode.c.h; path = "MASConstraint+Private.h"; sourceTree = "<group>"; };
		A82EA57C1D879E110073FABA /* MASConstraint.h */ = {isa = PBXFileReference; fileEncoding = 4; lastKnownFileType = sourcecode.c.h; path = MASConstraint.h; sourceTree = "<group>"; };
		A82EA57D1D879E110073FABA /* MASConstraint.m */ = {isa = PBXFileReference; fileEncoding = 4; lastKnownFileType = sourcecode.c.objc; path = MASConstraint.m; sourceTree = "<group>"; };
		A82EA57E1D879E110073FABA /* MASConstraintMaker.h */ = {isa = PBXFileReference; fileEncoding = 4; lastKnownFileType = sourcecode.c.h; path = MASConstraintMaker.h; sourceTree = "<group>"; };
		A82EA57F1D879E110073FABA /* MASConstraintMaker.m */ = {isa = PBXFileReference; fileEncoding = 4; lastKnownFileType = sourcecode.c.objc; path = MASConstraintMaker.m; sourceTree = "<group>"; };
		A82EA5801D879E110073FABA /* MASLayoutConstraint.h */ = {isa = PBXFileReference; fileEncoding = 4; lastKnownFileType = sourcecode.c.h; path = MASLayoutConstraint.h; sourceTree = "<group>"; };
		A82EA5811D879E110073FABA /* MASLayoutConstraint.m */ = {isa = PBXFileReference; fileEncoding = 4; lastKnownFileType = sourcecode.c.objc; path = MASLayoutConstraint.m; sourceTree = "<group>"; };
		A82EA5821D879E110073FABA /* Masonry.h */ = {isa = PBXFileReference; fileEncoding = 4; lastKnownFileType = sourcecode.c.h; path = Masonry.h; sourceTree = "<group>"; };
		A82EA5831D879E110073FABA /* MASUtilities.h */ = {isa = PBXFileReference; fileEncoding = 4; lastKnownFileType = sourcecode.c.h; path = MASUtilities.h; sourceTree = "<group>"; };
		A82EA5841D879E110073FABA /* MASViewAttribute.h */ = {isa = PBXFileReference; fileEncoding = 4; lastKnownFileType = sourcecode.c.h; path = MASViewAttribute.h; sourceTree = "<group>"; };
		A82EA5851D879E110073FABA /* MASViewAttribute.m */ = {isa = PBXFileReference; fileEncoding = 4; lastKnownFileType = sourcecode.c.objc; path = MASViewAttribute.m; sourceTree = "<group>"; };
		A82EA5861D879E110073FABA /* MASViewConstraint.h */ = {isa = PBXFileReference; fileEncoding = 4; lastKnownFileType = sourcecode.c.h; path = MASViewConstraint.h; sourceTree = "<group>"; };
		A82EA5871D879E110073FABA /* MASViewConstraint.m */ = {isa = PBXFileReference; fileEncoding = 4; lastKnownFileType = sourcecode.c.objc; path = MASViewConstraint.m; sourceTree = "<group>"; };
		A82EA5881D879E110073FABA /* NSArray+MASAdditions.h */ = {isa = PBXFileReference; fileEncoding = 4; lastKnownFileType = sourcecode.c.h; path = "NSArray+MASAdditions.h"; sourceTree = "<group>"; };
		A82EA5891D879E110073FABA /* NSArray+MASAdditions.m */ = {isa = PBXFileReference; fileEncoding = 4; lastKnownFileType = sourcecode.c.objc; path = "NSArray+MASAdditions.m"; sourceTree = "<group>"; };
		A82EA58A1D879E110073FABA /* NSArray+MASShorthandAdditions.h */ = {isa = PBXFileReference; fileEncoding = 4; lastKnownFileType = sourcecode.c.h; path = "NSArray+MASShorthandAdditions.h"; sourceTree = "<group>"; };
		A82EA58B1D879E110073FABA /* NSLayoutConstraint+MASDebugAdditions.h */ = {isa = PBXFileReference; fileEncoding = 4; lastKnownFileType = sourcecode.c.h; path = "NSLayoutConstraint+MASDebugAdditions.h"; sourceTree = "<group>"; };
		A82EA58C1D879E110073FABA /* NSLayoutConstraint+MASDebugAdditions.m */ = {isa = PBXFileReference; fileEncoding = 4; lastKnownFileType = sourcecode.c.objc; path = "NSLayoutConstraint+MASDebugAdditions.m"; sourceTree = "<group>"; };
		A82EA58D1D879E110073FABA /* View+MASAdditions.h */ = {isa = PBXFileReference; fileEncoding = 4; lastKnownFileType = sourcecode.c.h; path = "View+MASAdditions.h"; sourceTree = "<group>"; };
		A82EA58E1D879E110073FABA /* View+MASAdditions.m */ = {isa = PBXFileReference; fileEncoding = 4; lastKnownFileType = sourcecode.c.objc; path = "View+MASAdditions.m"; sourceTree = "<group>"; };
		A82EA58F1D879E110073FABA /* View+MASShorthandAdditions.h */ = {isa = PBXFileReference; fileEncoding = 4; lastKnownFileType = sourcecode.c.h; path = "View+MASShorthandAdditions.h"; sourceTree = "<group>"; };
		A82EA5901D879E110073FABA /* ViewController+MASAdditions.h */ = {isa = PBXFileReference; fileEncoding = 4; lastKnownFileType = sourcecode.c.h; path = "ViewController+MASAdditions.h"; sourceTree = "<group>"; };
		A82EA5911D879E110073FABA /* ViewController+MASAdditions.m */ = {isa = PBXFileReference; fileEncoding = 4; lastKnownFileType = sourcecode.c.objc; path = "ViewController+MASAdditions.m"; sourceTree = "<group>"; };
		A82EA5921D879E110073FABA /* README.md */ = {isa = PBXFileReference; fileEncoding = 4; lastKnownFileType = net.daringfireball.markdown; path = README.md; sourceTree = "<group>"; };
		A82EA5A21D87CDA00073FABA /* CustomView.h */ = {isa = PBXFileReference; fileEncoding = 4; lastKnownFileType = sourcecode.c.h; path = CustomView.h; sourceTree = "<group>"; };
		A82EA5A31D87CDA00073FABA /* CustomView.m */ = {isa = PBXFileReference; fileEncoding = 4; lastKnownFileType = sourcecode.c.objc; path = CustomView.m; sourceTree = "<group>"; };
		A82EA5A51D87CDAD0073FABA /* CustomView.xib */ = {isa = PBXFileReference; fileEncoding = 4; lastKnownFileType = file.xib; path = CustomView.xib; sourceTree = "<group>"; };
		A82EA5A71D87D0E20073FABA /* UIViewExt.h */ = {isa = PBXFileReference; fileEncoding = 4; lastKnownFileType = sourcecode.c.h; path = UIViewExt.h; sourceTree = "<group>"; };
		A82EA5A81D87D0E20073FABA /* UIViewExt.m */ = {isa = PBXFileReference; fileEncoding = 4; lastKnownFileType = sourcecode.c.objc; path = UIViewExt.m; sourceTree = "<group>"; };
		A82EA5B11D87E2CB0073FABA /* CondationViewController.h */ = {isa = PBXFileReference; fileEncoding = 4; lastKnownFileType = sourcecode.c.h; path = CondationViewController.h; sourceTree = "<group>"; };
		A82EA5B21D87E2CB0073FABA /* CondationViewController.m */ = {isa = PBXFileReference; fileEncoding = 4; lastKnownFileType = sourcecode.c.objc; path = CondationViewController.m; sourceTree = "<group>"; };
		A82EA5B41D87E6ED0073FABA /* PriceCell.h */ = {isa = PBXFileReference; fileEncoding = 4; lastKnownFileType = sourcecode.c.h; path = PriceCell.h; sourceTree = "<group>"; };
		A82EA5B51D87E6ED0073FABA /* PriceCell.m */ = {isa = PBXFileReference; fileEncoding = 4; lastKnownFileType = sourcecode.c.objc; path = PriceCell.m; sourceTree = "<group>"; };
		A82EA5BA1D87F65C0073FABA /* LevelCell.h */ = {isa = PBXFileReference; fileEncoding = 4; lastKnownFileType = sourcecode.c.h; path = LevelCell.h; sourceTree = "<group>"; };
		A82EA5BB1D87F65C0073FABA /* LevelCell.m */ = {isa = PBXFileReference; fileEncoding = 4; lastKnownFileType = sourcecode.c.objc; path = LevelCell.m; sourceTree = "<group>"; };
		A82EA5BD1D87FB1E0073FABA /* LevelItemView.h */ = {isa = PBXFileReference; fileEncoding = 4; lastKnownFileType = sourcecode.c.h; path = LevelItemView.h; sourceTree = "<group>"; };
		A82EA5BE1D87FB1E0073FABA /* LevelItemView.m */ = {isa = PBXFileReference; fileEncoding = 4; lastKnownFileType = sourcecode.c.objc; path = LevelItemView.m; sourceTree = "<group>"; };
/* End PBXFileReference section */

/* Begin PBXFrameworksBuildPhase section */
		A827A7031D86B58B00DD0BC2 /* Frameworks */ = {
			isa = PBXFrameworksBuildPhase;
			buildActionMask = 2147483647;
			files = (
			);
			runOnlyForDeploymentPostprocessing = 0;
		};
/* End PBXFrameworksBuildPhase section */

/* Begin PBXGroup section */
		A827A6FD1D86B58B00DD0BC2 = {
			isa = PBXGroup;
			children = (
				A827A7081D86B58B00DD0BC2 /* MyDemo */,
				A827A7071D86B58B00DD0BC2 /* Products */,
			);
			sourceTree = "<group>";
		};
		A827A7071D86B58B00DD0BC2 /* Products */ = {
			isa = PBXGroup;
			children = (
				A827A7061D86B58B00DD0BC2 /* MyDemo.app */,
			);
			name = Products;
			sourceTree = "<group>";
		};
		A827A7081D86B58B00DD0BC2 /* MyDemo */ = {
			isa = PBXGroup;
			children = (
				A82EA5AD1D87E2CB0073FABA /* Condation */,
				A82EA5751D879E110073FABA /* 3rdLib */,
				A827A7201D86BA7B00DD0BC2 /* upRrow.png */,
				A827A70C1D86B58B00DD0BC2 /* AppDelegate.h */,
				A827A70D1D86B58B00DD0BC2 /* AppDelegate.m */,
				A827A70F1D86B58B00DD0BC2 /* ViewController.h */,
				A827A7101D86B58B00DD0BC2 /* ViewController.m */,
				A82EA5A21D87CDA00073FABA /* CustomView.h */,
				A82EA5A31D87CDA00073FABA /* CustomView.m */,
				A82EA5A51D87CDAD0073FABA /* CustomView.xib */,
				A827A7121D86B58B00DD0BC2 /* Main.storyboard */,
				A827A7151D86B58B00DD0BC2 /* Assets.xcassets */,
				A827A7171D86B58B00DD0BC2 /* LaunchScreen.storyboard */,
				A827A71A1D86B58B00DD0BC2 /* Info.plist */,
				A827A7091D86B58B00DD0BC2 /* Supporting Files */,
			);
			path = MyDemo;
			sourceTree = "<group>";
		};
		A827A7091D86B58B00DD0BC2 /* Supporting Files */ = {
			isa = PBXGroup;
			children = (
				A827A70A1D86B58B00DD0BC2 /* main.m */,
			);
			name = "Supporting Files";
			sourceTree = "<group>";
		};
		A82EA5751D879E110073FABA /* 3rdLib */ = {
			isa = PBXGroup;
			children = (
				A82EA5A71D87D0E20073FABA /* UIViewExt.h */,
				A82EA5A81D87D0E20073FABA /* UIViewExt.m */,
				A82EA5761D879E110073FABA /* Masonry */,
			);
			path = 3rdLib;
			sourceTree = "<group>";
		};
		A82EA5761D879E110073FABA /* Masonry */ = {
			isa = PBXGroup;
			children = (
				A82EA5771D879E110073FABA /* LICENSE */,
				A82EA5781D879E110073FABA /* Masonry */,
				A82EA5921D879E110073FABA /* README.md */,
			);
			path = Masonry;
			sourceTree = "<group>";
		};
		A82EA5781D879E110073FABA /* Masonry */ = {
			isa = PBXGroup;
			children = (
				A82EA5791D879E110073FABA /* MASCompositeConstraint.h */,
				A82EA57A1D879E110073FABA /* MASCompositeConstraint.m */,
				A82EA57B1D879E110073FABA /* MASConstraint+Private.h */,
				A82EA57C1D879E110073FABA /* MASConstraint.h */,
				A82EA57D1D879E110073FABA /* MASConstraint.m */,
				A82EA57E1D879E110073FABA /* MASConstraintMaker.h */,
				A82EA57F1D879E110073FABA /* MASConstraintMaker.m */,
				A82EA5801D879E110073FABA /* MASLayoutConstraint.h */,
				A82EA5811D879E110073FABA /* MASLayoutConstraint.m */,
				A82EA5821D879E110073FABA /* Masonry.h */,
				A82EA5831D879E110073FABA /* MASUtilities.h */,
				A82EA5841D879E110073FABA /* MASViewAttribute.h */,
				A82EA5851D879E110073FABA /* MASViewAttribute.m */,
				A82EA5861D879E110073FABA /* MASViewConstraint.h */,
				A82EA5871D879E110073FABA /* MASViewConstraint.m */,
				A82EA5881D879E110073FABA /* NSArray+MASAdditions.h */,
				A82EA5891D879E110073FABA /* NSArray+MASAdditions.m */,
				A82EA58A1D879E110073FABA /* NSArray+MASShorthandAdditions.h */,
				A82EA58B1D879E110073FABA /* NSLayoutConstraint+MASDebugAdditions.h */,
				A82EA58C1D879E110073FABA /* NSLayoutConstraint+MASDebugAdditions.m */,
				A82EA58D1D879E110073FABA /* View+MASAdditions.h */,
				A82EA58E1D879E110073FABA /* View+MASAdditions.m */,
				A82EA58F1D879E110073FABA /* View+MASShorthandAdditions.h */,
				A82EA5901D879E110073FABA /* ViewController+MASAdditions.h */,
				A82EA5911D879E110073FABA /* ViewController+MASAdditions.m */,
			);
			path = Masonry;
			sourceTree = "<group>";
		};
		A82EA5AD1D87E2CB0073FABA /* Condation */ = {
			isa = PBXGroup;
			children = (
				A82EA5B01D87E2CB0073FABA /* ViewController */,
				A82EA5AE1D87E2CB0073FABA /* Model */,
				A82EA5AF1D87E2CB0073FABA /* View */,
			);
			path = Condation;
			sourceTree = "<group>";
		};
		A82EA5AE1D87E2CB0073FABA /* Model */ = {
			isa = PBXGroup;
			children = (
			);
			path = Model;
			sourceTree = "<group>";
		};
		A82EA5AF1D87E2CB0073FABA /* View */ = {
			isa = PBXGroup;
			children = (
				A82EA5B41D87E6ED0073FABA /* PriceCell.h */,
				A82EA5B51D87E6ED0073FABA /* PriceCell.m */,
				A82EA5BA1D87F65C0073FABA /* LevelCell.h */,
				A82EA5BB1D87F65C0073FABA /* LevelCell.m */,
				A82EA5BD1D87FB1E0073FABA /* LevelItemView.h */,
				A82EA5BE1D87FB1E0073FABA /* LevelItemView.m */,
			);
			path = View;
			sourceTree = "<group>";
		};
		A82EA5B01D87E2CB0073FABA /* ViewController */ = {
			isa = PBXGroup;
			children = (
				A82EA5B11D87E2CB0073FABA /* CondationViewController.h */,
				A82EA5B21D87E2CB0073FABA /* CondationViewController.m */,
			);
			path = ViewController;
			sourceTree = "<group>";
		};
/* End PBXGroup section */

/* Begin PBXNativeTarget section */
		A827A7051D86B58B00DD0BC2 /* MyDemo */ = {
			isa = PBXNativeTarget;
			buildConfigurationList = A827A71D1D86B58B00DD0BC2 /* Build configuration list for PBXNativeTarget "MyDemo" */;
			buildPhases = (
				A827A7021D86B58B00DD0BC2 /* Sources */,
				A827A7031D86B58B00DD0BC2 /* Frameworks */,
				A827A7041D86B58B00DD0BC2 /* Resources */,
			);
			buildRules = (
			);
			dependencies = (
			);
			name = MyDemo;
			productName = MyDemo;
			productReference = A827A7061D86B58B00DD0BC2 /* MyDemo.app */;
			productType = "com.apple.product-type.application";
		};
/* End PBXNativeTarget section */

/* Begin PBXProject section */
		A827A6FE1D86B58B00DD0BC2 /* Project object */ = {
			isa = PBXProject;
			attributes = {
				LastUpgradeCheck = 0730;
				ORGANIZATIONNAME = "Meng Fan";
				TargetAttributes = {
					A827A7051D86B58B00DD0BC2 = {
						CreatedOnToolsVersion = 7.3;
					};
				};
			};
			buildConfigurationList = A827A7011D86B58B00DD0BC2 /* Build configuration list for PBXProject "MyDemo" */;
			compatibilityVersion = "Xcode 3.2";
			developmentRegion = English;
			hasScannedForEncodings = 0;
			knownRegions = (
				en,
				Base,
			);
			mainGroup = A827A6FD1D86B58B00DD0BC2;
			productRefGroup = A827A7071D86B58B00DD0BC2 /* Products */;
			projectDirPath = "";
			projectRoot = "";
			targets = (
				A827A7051D86B58B00DD0BC2 /* MyDemo */,
			);
		};
/* End PBXProject section */

/* Begin PBXResourcesBuildPhase section */
		A827A7041D86B58B00DD0BC2 /* Resources */ = {
			isa = PBXResourcesBuildPhase;
			buildActionMask = 2147483647;
			files = (
				A827A7211D86BA7B00DD0BC2 /* upRrow.png in Resources */,
				A827A7191D86B58B00DD0BC2 /* LaunchScreen.storyboard in Resources */,
				A827A7161D86B58B00DD0BC2 /* Assets.xcassets in Resources */,
				A827A7141D86B58B00DD0BC2 /* Main.storyboard in Resources */,
				A82EA5931D879E110073FABA /* LICENSE in Resources */,
				A82EA5A61D87CDAD0073FABA /* CustomView.xib in Resources */,
			);
			runOnlyForDeploymentPostprocessing = 0;
		};
/* End PBXResourcesBuildPhase section */

/* Begin PBXSourcesBuildPhase section */
		A827A7021D86B58B00DD0BC2 /* Sources */ = {
			isa = PBXSourcesBuildPhase;
			buildActionMask = 2147483647;
			files = (
				A82EA5A91D87D0E20073FABA /* UIViewExt.m in Sources */,
				A82EA59B1D879E110073FABA /* NSLayoutConstraint+MASDebugAdditions.m in Sources */,
				A82EA5991D879E110073FABA /* MASViewConstraint.m in Sources */,
				A82EA5941D879E110073FABA /* MASCompositeConstraint.m in Sources */,
				A82EA5BF1D87FB1E0073FABA /* LevelItemView.m in Sources */,
				A82EA5BC1D87F65C0073FABA /* LevelCell.m in Sources */,
				A82EA59A1D879E110073FABA /* NSArray+MASAdditions.m in Sources */,
				A827A7111D86B58B00DD0BC2 /* ViewController.m in Sources */,
				A82EA5A41D87CDA00073FABA /* CustomView.m in Sources */,
				A82EA5B31D87E2CB0073FABA /* CondationViewController.m in Sources */,
				A827A70E1D86B58B00DD0BC2 /* AppDelegate.m in Sources */,
				A82EA5971D879E110073FABA /* MASLayoutConstraint.m in Sources */,
				A827A70B1D86B58B00DD0BC2 /* main.m in Sources */,
				A82EA5B61D87E6ED0073FABA /* PriceCell.m in Sources */,
				A82EA59D1D879E110073FABA /* ViewController+MASAdditions.m in Sources */,
				A82EA59C1D879E110073FABA /* View+MASAdditions.m in Sources */,
				A82EA59E1D879E110073FABA /* README.md in Sources */,
				A82EA5981D879E110073FABA /* MASViewAttribute.m in Sources */,
				A82EA5951D879E110073FABA /* MASConstraint.m in Sources */,
				A82EA5961D879E110073FABA /* MASConstraintMaker.m in Sources */,
			);
			runOnlyForDeploymentPostprocessing = 0;
		};
/* End PBXSourcesBuildPhase section */

/* Begin PBXVariantGroup section */
		A827A7121D86B58B00DD0BC2 /* Main.storyboard */ = {
			isa = PBXVariantGroup;
			children = (
				A827A7131D86B58B00DD0BC2 /* Base */,
			);
			name = Main.storyboard;
			sourceTree = "<group>";
		};
		A827A7171D86B58B00DD0BC2 /* LaunchScreen.storyboard */ = {
			isa = PBXVariantGroup;
			children = (
				A827A7181D86B58B00DD0BC2 /* Base */,
			);
			name = LaunchScreen.storyboard;
			sourceTree = "<group>";
		};
/* End PBXVariantGroup section */

/* Begin XCBuildConfiguration section */
		A827A71B1D86B58B00DD0BC2 /* Debug */ = {
			isa = XCBuildConfiguration;
			buildSettings = {
				ALWAYS_SEARCH_USER_PATHS = NO;
				CLANG_ANALYZER_NONNULL = YES;
				CLANG_CXX_LANGUAGE_STANDARD = "gnu++0x";
				CLANG_CXX_LIBRARY = "libc++";
				CLANG_ENABLE_MODULES = YES;
				CLANG_ENABLE_OBJC_ARC = YES;
				CLANG_WARN_BOOL_CONVERSION = YES;
				CLANG_WARN_CONSTANT_CONVERSION = YES;
				CLANG_WARN_DIRECT_OBJC_ISA_USAGE = YES_ERROR;
				CLANG_WARN_EMPTY_BODY = YES;
				CLANG_WARN_ENUM_CONVERSION = YES;
				CLANG_WARN_INT_CONVERSION = YES;
				CLANG_WARN_OBJC_ROOT_CLASS = YES_ERROR;
				CLANG_WARN_UNREACHABLE_CODE = YES;
				CLANG_WARN__DUPLICATE_METHOD_MATCH = YES;
				"CODE_SIGN_IDENTITY[sdk=iphoneos*]" = "iPhone Developer";
				COPY_PHASE_STRIP = NO;
				DEBUG_INFORMATION_FORMAT = dwarf;
				ENABLE_STRICT_OBJC_MSGSEND = YES;
				ENABLE_TESTABILITY = YES;
				GCC_C_LANGUAGE_STANDARD = gnu99;
				GCC_DYNAMIC_NO_PIC = NO;
				GCC_NO_COMMON_BLOCKS = YES;
				GCC_OPTIMIZATION_LEVEL = 0;
				GCC_PREPROCESSOR_DEFINITIONS = (
					"DEBUG=1",
					"$(inherited)",
				);
				GCC_WARN_64_TO_32_BIT_CONVERSION = YES;
				GCC_WARN_ABOUT_RETURN_TYPE = YES_ERROR;
				GCC_WARN_UNDECLARED_SELECTOR = YES;
				GCC_WARN_UNINITIALIZED_AUTOS = YES_AGGRESSIVE;
				GCC_WARN_UNUSED_FUNCTION = YES;
				GCC_WARN_UNUSED_VARIABLE = YES;
				IPHONEOS_DEPLOYMENT_TARGET = 9.3;
				MTL_ENABLE_DEBUG_INFO = YES;
				ONLY_ACTIVE_ARCH = YES;
				SDKROOT = iphoneos;
				TARGETED_DEVICE_FAMILY = "1,2";
			};
			name = Debug;
		};
		A827A71C1D86B58B00DD0BC2 /* Release */ = {
			isa = XCBuildConfiguration;
			buildSettings = {
				ALWAYS_SEARCH_USER_PATHS = NO;
				CLANG_ANALYZER_NONNULL = YES;
				CLANG_CXX_LANGUAGE_STANDARD = "gnu++0x";
				CLANG_CXX_LIBRARY = "libc++";
				CLANG_ENABLE_MODULES = YES;
				CLANG_ENABLE_OBJC_ARC = YES;
				CLANG_WARN_BOOL_CONVERSION = YES;
				CLANG_WARN_CONSTANT_CONVERSION = YES;
				CLANG_WARN_DIRECT_OBJC_ISA_USAGE = YES_ERROR;
				CLANG_WARN_EMPTY_BODY = YES;
				CLANG_WARN_ENUM_CONVERSION = YES;
				CLANG_WARN_INT_CONVERSION = YES;
				CLANG_WARN_OBJC_ROOT_CLASS = YES_ERROR;
				CLANG_WARN_UNREACHABLE_CODE = YES;
				CLANG_WARN__DUPLICATE_METHOD_MATCH = YES;
				"CODE_SIGN_IDENTITY[sdk=iphoneos*]" = "iPhone Developer";
				COPY_PHASE_STRIP = NO;
				DEBUG_INFORMATION_FORMAT = "dwarf-with-dsym";
				ENABLE_NS_ASSERTIONS = NO;
				ENABLE_STRICT_OBJC_MSGSEND = YES;
				GCC_C_LANGUAGE_STANDARD = gnu99;
				GCC_NO_COMMON_BLOCKS = YES;
				GCC_WARN_64_TO_32_BIT_CONVERSION = YES;
				GCC_WARN_ABOUT_RETURN_TYPE = YES_ERROR;
				GCC_WARN_UNDECLARED_SELECTOR = YES;
				GCC_WARN_UNINITIALIZED_AUTOS = YES_AGGRESSIVE;
				GCC_WARN_UNUSED_FUNCTION = YES;
				GCC_WARN_UNUSED_VARIABLE = YES;
				IPHONEOS_DEPLOYMENT_TARGET = 9.3;
				MTL_ENABLE_DEBUG_INFO = NO;
				SDKROOT = iphoneos;
				TARGETED_DEVICE_FAMILY = "1,2";
				VALIDATE_PRODUCT = YES;
			};
			name = Release;
		};
		A827A71E1D86B58B00DD0BC2 /* Debug */ = {
			isa = XCBuildConfiguration;
			buildSettings = {
				ASSETCATALOG_COMPILER_APPICON_NAME = AppIcon;
				INFOPLIST_FILE = MyDemo/Info.plist;
				LD_RUNPATH_SEARCH_PATHS = "$(inherited) @executable_path/Frameworks";
				PRODUCT_BUNDLE_IDENTIFIER = com.dk.MyDemo;
				PRODUCT_NAME = "$(TARGET_NAME)";
			};
			name = Debug;
		};
		A827A71F1D86B58B00DD0BC2 /* Release */ = {
			isa = XCBuildConfiguration;
			buildSettings = {
				ASSETCATALOG_COMPILER_APPICON_NAME = AppIcon;
				INFOPLIST_FILE = MyDemo/Info.plist;
				LD_RUNPATH_SEARCH_PATHS = "$(inherited) @executable_path/Frameworks";
				PRODUCT_BUNDLE_IDENTIFIER = com.dk.MyDemo;
				PRODUCT_NAME = "$(TARGET_NAME)";
			};
			name = Release;
		};
/* End XCBuildConfiguration section */

/* Begin XCConfigurationList section */
		A827A7011D86B58B00DD0BC2 /* Build configuration list for PBXProject "MyDemo" */ = {
			isa = XCConfigurationList;
			buildConfigurations = (
				A827A71B1D86B58B00DD0BC2 /* Debug */,
				A827A71C1D86B58B00DD0BC2 /* Release */,
			);
			defaultConfigurationIsVisible = 0;
			defaultConfigurationName = Release;
		};
		A827A71D1D86B58B00DD0BC2 /* Build configuration list for PBXNativeTarget "MyDemo" */ = {
			isa = XCConfigurationList;
			buildConfigurations = (
				A827A71E1D86B58B00DD0BC2 /* Debug */,
				A827A71F1D86B58B00DD0BC2 /* Release */,
			);
			defaultConfigurationIsVisible = 0;
			defaultConfigurationName = Release;
		};
/* End XCConfigurationList section */
	};
	rootObject = A827A6FE1D86B58B00DD0BC2 /* Project object */;
}
